
Microsoft Visual Studio Solution File, Format Version 12.00
# Visual Studio Version 16
VisualStudioVersion = 16.0.30804.86
MinimumVisualStudioVersion = 10.0.40219.1
Project("{FAE04EC0-301F-11D3-BF4B-00C04F79EFBC}") = "TrackBarKontrola", "TrackBarKontrola\TrackBarKontrola.csproj", "{5496A2DC-9399-4ECA-AEF3-A35808AAF79F}"
EndProject
Global
	GlobalSection(SolutionConfigurationPlatforms) = preSolution
		Debug|Any CPU = Debug|Any CPU
		Release|Any CPU = Release|Any CPU
	EndGlobalSection
	GlobalSection(ProjectConfigurationPlatforms) = postSolution
		{5496A2DC-9399-4ECA-AEF3-A35808AAF79F}.Debug|Any CPU.ActiveCfg = Debug|Any CPU
		{5496A2DC-9399-4ECA-AEF3-A35808AAF79F}.Debug|Any CPU.Build.0 = Debug|Any CPU
		{5496A2DC-9399-4ECA-AEF3-A35808AAF79F}.Release|Any CPU.ActiveCfg = Release|Any CPU
		{5496A2DC-9399-4ECA-AEF3-A35808AAF79F}.Release|Any CPU.Build.0 = Release|Any CPU
	EndGlobalSection
	GlobalSection(SolutionProperties) = preSolution
		HideSolutionNode = FALSE
	EndGlobalSection
	GlobalSection(ExtensibilityGlobals) = postSolution
		SolutionGuid = {83C87BE8-1B3F-4C2B-BA39-4A523D2006C5}
	EndGlobalSection
EndGlobal
